
Microsoft Visual Studio Solution File, Format Version 12.00
# Visual Studio Version 17
VisualStudioVersion = 17.14.36301.6 d17.14
MinimumVisualStudioVersion = 10.0.40219.1
Project("{2150E333-8FDC-42A3-9474-1A3956D46DE8}") = "Services", "Services", "{02EA681E-C7D8-13C7-8484-4AC65E1B71E8}"
EndProject
Project("{2150E333-8FDC-42A3-9474-1A3956D46DE8}") = "Catalog", "Catalog", "{E9A943A2-3C8C-4023-9075-61D5F9A24E02}"
EndProject
Project("{FAE04EC0-301F-11D3-BF4B-00C04F79EFBC}") = "MultiShop.Catalog", "Services\Catalog\MultiShop.Catalog\MultiShop.Catalog.csproj", "{755AB414-4322-4F9C-BBE1-C3E9B93CB9DB}"
EndProject
Global
	GlobalSection(SolutionConfigurationPlatforms) = preSolution
		Debug|Any CPU = Debug|Any CPU
		Release|Any CPU = Release|Any CPU
	EndGlobalSection
	GlobalSection(ProjectConfigurationPlatforms) = postSolution
		{755AB414-4322-4F9C-BBE1-C3E9B93CB9DB}.Debug|Any CPU.ActiveCfg = Debug|Any CPU
		{755AB414-4322-4F9C-BBE1-C3E9B93CB9DB}.Debug|Any CPU.Build.0 = Debug|Any CPU
		{755AB414-4322-4F9C-BBE1-C3E9B93CB9DB}.Release|Any CPU.ActiveCfg = Release|Any CPU
		{755AB414-4322-4F9C-BBE1-C3E9B93CB9DB}.Release|Any CPU.Build.0 = Release|Any CPU
	EndGlobalSection
	GlobalSection(SolutionProperties) = preSolution
		HideSolutionNode = FALSE
	EndGlobalSection
	GlobalSection(NestedProjects) = preSolution
		{E9A943A2-3C8C-4023-9075-61D5F9A24E02} = {02EA681E-C7D8-13C7-8484-4AC65E1B71E8}
		{755AB414-4322-4F9C-BBE1-C3E9B93CB9DB} = {E9A943A2-3C8C-4023-9075-61D5F9A24E02}
	EndGlobalSection
	GlobalSection(ExtensibilityGlobals) = postSolution
		SolutionGuid = {339BB853-F1F7-40C9-B5B4-14EBB88BDF27}
	EndGlobalSection
EndGlobal
